{
  "pins" : [
    {
      "identity" : "quickjs-swift-tvos",
      "kind" : "remoteSourceControl",
      "location" : "https://github.com/lukekaalim/QuickJS-Swift-tvOS.git",
      "state" : {
        "branch" : "dev/add-tvOS-support",
        "revision" : "87915bb342b77533d61220388548707009b841f2"
      }
    }
  ],
  "version" : 2
}
