{
  "pins" : [
    {
      "identity" : "quickjs-swift-tvos",
      "kind" : "remoteSourceControl",
      "location" : "https://github.com/lukekaalim/QuickJS-Swift-tvOS.git",
      "state" : {
        "branch" : "dev/add-tvOS-support",
        "revision" : "382103a2c51ca734a8d9d22c4a93f94d15018222"
      }
    }
  ],
  "version" : 2
}
